
Microsoft Visual Studio Solution File, Format Version 12.00
# Visual Studio 2015
Project("{FAE04EC0-301F-11D3-BF4B-00C04F79EFBC}") = "ViveMiniCourse", "ViveMiniCourse.csproj", "{D84BBE43-7585-C980-2BDD-E8937EB73FCA}"
EndProject
Project("{FAE04EC0-301F-11D3-BF4B-00C04F79EFBC}") = "ViveMiniCourse.Editor", "ViveMiniCourse.Editor.csproj", "{C65CFA73-A88E-7908-0645-8556AF789EB4}"
EndProject
Global
	GlobalSection(SolutionConfigurationPlatforms) = preSolution
		Debug|Any CPU = Debug|Any CPU
		Release|Any CPU = Release|Any CPU
	EndGlobalSection
	GlobalSection(ProjectConfigurationPlatforms) = postSolution
		{D84BBE43-7585-C980-2BDD-E8937EB73FCA}.Debug|Any CPU.ActiveCfg = Debug|Any CPU
		{D84BBE43-7585-C980-2BDD-E8937EB73FCA}.Debug|Any CPU.Build.0 = Debug|Any CPU
		{D84BBE43-7585-C980-2BDD-E8937EB73FCA}.Release|Any CPU.ActiveCfg = Release|Any CPU
		{D84BBE43-7585-C980-2BDD-E8937EB73FCA}.Release|Any CPU.Build.0 = Release|Any CPU
		{C65CFA73-A88E-7908-0645-8556AF789EB4}.Debug|Any CPU.ActiveCfg = Debug|Any CPU
		{C65CFA73-A88E-7908-0645-8556AF789EB4}.Debug|Any CPU.Build.0 = Debug|Any CPU
		{C65CFA73-A88E-7908-0645-8556AF789EB4}.Release|Any CPU.ActiveCfg = Release|Any CPU
		{C65CFA73-A88E-7908-0645-8556AF789EB4}.Release|Any CPU.Build.0 = Release|Any CPU
	EndGlobalSection
	GlobalSection(SolutionProperties) = preSolution
		HideSolutionNode = FALSE
	EndGlobalSection
EndGlobal
