
Microsoft Visual Studio Solution File, Format Version 12.00
# Visual Studio 2015
Project("{FAE04EC0-301F-11D3-BF4B-00C04F79EFBC}") = "Vive Mini Course", "Vive Mini Course.csproj", "{EA4DA410-7A01-563B-F837-B6C477EC5A1E}"
EndProject
Project("{FAE04EC0-301F-11D3-BF4B-00C04F79EFBC}") = "Vive Mini Course.Editor", "Vive Mini Course.Editor.csproj", "{1F985557-D932-CE59-05BC-83D9AD5432F5}"
EndProject
Global
	GlobalSection(SolutionConfigurationPlatforms) = preSolution
		Debug|Any CPU = Debug|Any CPU
		Release|Any CPU = Release|Any CPU
	EndGlobalSection
	GlobalSection(ProjectConfigurationPlatforms) = postSolution
		{EA4DA410-7A01-563B-F837-B6C477EC5A1E}.Debug|Any CPU.ActiveCfg = Debug|Any CPU
		{EA4DA410-7A01-563B-F837-B6C477EC5A1E}.Debug|Any CPU.Build.0 = Debug|Any CPU
		{EA4DA410-7A01-563B-F837-B6C477EC5A1E}.Release|Any CPU.ActiveCfg = Release|Any CPU
		{EA4DA410-7A01-563B-F837-B6C477EC5A1E}.Release|Any CPU.Build.0 = Release|Any CPU
		{1F985557-D932-CE59-05BC-83D9AD5432F5}.Debug|Any CPU.ActiveCfg = Debug|Any CPU
		{1F985557-D932-CE59-05BC-83D9AD5432F5}.Debug|Any CPU.Build.0 = Debug|Any CPU
		{1F985557-D932-CE59-05BC-83D9AD5432F5}.Release|Any CPU.ActiveCfg = Release|Any CPU
		{1F985557-D932-CE59-05BC-83D9AD5432F5}.Release|Any CPU.Build.0 = Release|Any CPU
	EndGlobalSection
	GlobalSection(SolutionProperties) = preSolution
		HideSolutionNode = FALSE
	EndGlobalSection
EndGlobal
